{
  "name": "consolejoke",
  "version": "1.0.0",
  "lockfileVersion": 1,
  "requires": true,
  "dependencies": {
    "normal-distribution": {
      "version": "0.0.7",
      "resolved": "https://registry.npmjs.org/normal-distribution/-/normal-distribution-0.0.7.tgz",
      "integrity": "sha512-7FkqBNkHAQRveBYaBQxohVjbRJ+/X4vMKgul8h6Ct2+fqCQtIUpEzWtp+bCKvqW62Ibkj8DcwCbNs9TmWWeX/w==",
      "requires": {
        "prettier": "^1.9.1"
      }
    },
    "prettier": {
      "version": "1.18.2",
      "resolved": "https://registry.npmjs.org/prettier/-/prettier-1.18.2.tgz",
      "integrity": "sha512-OeHeMc0JhFE9idD4ZdtNibzY0+TPHSpSSb9h8FqtP+YnoZZ1sl8Vc9b1sasjfymH3SonAF4QcA2+mzHPhMvIiw=="
    }
  }
}
